
Microsoft Visual Studio Solution File, Format Version 12.00
# Visual Studio Version 16
VisualStudioVersion = 16.0.30523.141
MinimumVisualStudioVersion = 10.0.40219.1
Project("{8BC9CEB8-8B4A-11D0-8D11-00A0C91BC942}") = "ЛР-1", "ЛР-1\ЛР-1.vcxproj", "{2DDB2D30-F90B-4665-AE04-91862E779A75}"
EndProject
Global
	GlobalSection(SolutionConfigurationPlatforms) = preSolution
		Debug|x64 = Debug|x64
		Debug|x86 = Debug|x86
		Release|x64 = Release|x64
		Release|x86 = Release|x86
	EndGlobalSection
	GlobalSection(ProjectConfigurationPlatforms) = postSolution
		{2DDB2D30-F90B-4665-AE04-91862E779A75}.Debug|x64.ActiveCfg = Debug|x64
		{2DDB2D30-F90B-4665-AE04-91862E779A75}.Debug|x64.Build.0 = Debug|x64
		{2DDB2D30-F90B-4665-AE04-91862E779A75}.Debug|x86.ActiveCfg = Debug|Win32
		{2DDB2D30-F90B-4665-AE04-91862E779A75}.Debug|x86.Build.0 = Debug|Win32
		{2DDB2D30-F90B-4665-AE04-91862E779A75}.Release|x64.ActiveCfg = Release|x64
		{2DDB2D30-F90B-4665-AE04-91862E779A75}.Release|x64.Build.0 = Release|x64
		{2DDB2D30-F90B-4665-AE04-91862E779A75}.Release|x86.ActiveCfg = Release|Win32
		{2DDB2D30-F90B-4665-AE04-91862E779A75}.Release|x86.Build.0 = Release|Win32
	EndGlobalSection
	GlobalSection(SolutionProperties) = preSolution
		HideSolutionNode = FALSE
	EndGlobalSection
	GlobalSection(ExtensibilityGlobals) = postSolution
		SolutionGuid = {F8D981D8-4F7F-4768-8F7C-19DE5718AB56}
	EndGlobalSection
EndGlobal
